// !$*UTF8*$!
{
	archiveVersion = 1;
	classes = {
	};
	objectVersion = 77;
	objects = {

/* Begin PBXContainerItemProxy section */
		D0BE000000000000000000BA /* PBXContainerItemProxy */ = {
			isa = PBXContainerItemProxy;
			containerPortal = D0BE000000000000000000AA /* Project object */;
			proxyType = 1;
			remoteGlobalIDString = D0BE000000000000000000A6;
			remoteInfo = Paxo;
		};
/* End PBXContainerItemProxy section */

/* Begin PBXFileReference section */
		B729AD56300E6FFC0012D210 /* Paxo.storekit */ = {isa = PBXFileReference; lastKnownFileType = text; name = Paxo.storekit; path = Config/Paxo.storekit; sourceTree = "<group>"; };
		D0BE000000000000000000A2 /* Paxo.app */ = {isa = PBXFileReference; explicitFileType = wrapper.application; includeInIndex = 0; path = Paxo.app; sourceTree = BUILT_PRODUCTS_DIR; };
		D0BE000000000000000000B0 /* PaxoTests.xctest */ = {isa = PBXFileReference; explicitFileType = wrapper.cfbundle; includeInIndex = 0; path = PaxoTests.xctest; sourceTree = BUILT_PRODUCTS_DIR; };
/* End PBXFileReference section */

/* Begin PBXFileSystemSynchronizedRootGroup section */
		D0BE000000000000000000A1 /* Paxo */ = {
			isa = PBXFileSystemSynchronizedRootGroup;
			path = Paxo;
			sourceTree = "<group>";
		};
		D0BE000000000000000000B1 /* PaxoTests */ = {
			isa = PBXFileSystemSynchronizedRootGroup;
			path = PaxoTests;
			sourceTree = "<group>";
		};
/* End PBXFileSystemSynchronizedRootGroup section */

/* Begin PBXFrameworksBuildPhase section */
		D0BE000000000000000000A3 /* Frameworks */ = {
			isa = PBXFrameworksBuildPhase;
			buildActionMask = 2147483647;
			files = (
			);
			runOnlyForDeploymentPostprocessing = 0;
		};
		D0BE000000000000000000B4 /* Frameworks */ = {
			isa = PBXFrameworksBuildPhase;
			buildActionMask = 2147483647;
			files = (
			);
			runOnlyForDeploymentPostprocessing = 0;
		};
/* End PBXFrameworksBuildPhase section */

/* Begin PBXGroup section */
		D0BE000000000000000000A4 = {
			isa = PBXGroup;
			children = (
				B729AD56300E6FFC0012D210 /* Paxo.storekit */,
				D0BE000000000000000000A1 /* Paxo */,
				D0BE000000000000000000B1 /* PaxoTests */,
				D0BE000000000000000000A5 /* Products */,
			);
			sourceTree = "<group>";
		};
		D0BE000000000000000000A5 /* Products */ = {
			isa = PBXGroup;
			children = (
				D0BE000000000000000000A2 /* Paxo.app */,
				D0BE000000000000000000B0 /* PaxoTests.xctest */,
			);
			name = Products;
			sourceTree = "<group>";
		};
/* End PBXGroup section */

/* Begin PBXNativeTarget section */
		D0BE000000000000000000A6 /* Paxo */ = {
			isa = PBXNativeTarget;
			buildConfigurationList = D0BE000000000000000000A7 /* Build configuration list for PBXNativeTarget "Paxo" */;
			buildPhases = (
				D0BE000000000000000000A8 /* Sources */,
				D0BE000000000000000000A3 /* Frameworks */,
				D0BE000000000000000000A9 /* Resources */,
			);
			buildRules = (
			);
			dependencies = (
			);
			fileSystemSynchronizedGroups = (
				D0BE000000000000000000A1 /* Paxo */,
			);
			name = Paxo;
			packageProductDependencies = (
			);
			productName = Paxo;
			productReference = D0BE000000000000000000A2 /* Paxo.app */;
			productType = "com.apple.product-type.application";
		};
		D0BE000000000000000000B2 /* PaxoTests */ = {
			isa = PBXNativeTarget;
			buildConfigurationList = D0BE000000000000000000B6 /* Build configuration list for PBXNativeTarget "PaxoTests" */;
			buildPhases = (
				D0BE000000000000000000B3 /* Sources */,
				D0BE000000000000000000B4 /* Frameworks */,
				D0BE000000000000000000B5 /* Resources */,
			);
			buildRules = (
			);
			dependencies = (
				D0BE000000000000000000B9 /* PBXTargetDependency */,
			);
			fileSystemSynchronizedGroups = (
				D0BE000000000000000000B1 /* PaxoTests */,
			);
			name = PaxoTests;
			packageProductDependencies = (
			);
			productName = PaxoTests;
			productReference = D0BE000000000000000000B0 /* PaxoTests.xctest */;
			productType = "com.apple.product-type.bundle.unit-test";
		};
/* End PBXNativeTarget section */

/* Begin PBXProject section */
		D0BE000000000000000000AA /* Project object */ = {
			isa = PBXProject;
			attributes = {
				BuildIndependentTargetsInParallel = 1;
				LastSwiftUpdateCheck = 1600;
				LastUpgradeCheck = 1600;
				TargetAttributes = {
					D0BE000000000000000000A6 = {
						CreatedOnToolsVersion = 16.0;
					};
					D0BE000000000000000000B2 = {
						CreatedOnToolsVersion = 16.0;
						TestTargetID = D0BE000000000000000000A6;
					};
				};
			};
			buildConfigurationList = D0BE000000000000000000AB /* Build configuration list for PBXProject "Paxo" */;
			developmentRegion = ko;
			hasScannedForEncodings = 0;
			knownRegions = (
				ko,
				en,
				Base,
			);
			mainGroup = D0BE000000000000000000A4;
			minimizedProjectReferenceProxies = 1;
			preferredProjectObjectVersion = 77;
			productRefGroup = D0BE000000000000000000A5 /* Products */;
			projectDirPath = "";
			projectRoot = "";
			targets = (
				D0BE000000000000000000A6 /* Paxo */,
				D0BE000000000000000000B2 /* PaxoTests */,
			);
		};
/* End PBXProject section */

/* Begin PBXResourcesBuildPhase section */
		D0BE000000000000000000A9 /* Resources */ = {
			isa = PBXResourcesBuildPhase;
			buildActionMask = 2147483647;
			files = (
			);
			runOnlyForDeploymentPostprocessing = 0;
		};
		D0BE000000000000000000B5 /* Resources */ = {
			isa = PBXResourcesBuildPhase;
			buildActionMask = 2147483647;
			files = (
			);
			runOnlyForDeploymentPostprocessing = 0;
		};
/* End PBXResourcesBuildPhase section */

/* Begin PBXSourcesBuildPhase section */
		D0BE000000000000000000A8 /* Sources */ = {
			isa = PBXSourcesBuildPhase;
			buildActionMask = 2147483647;
			files = (
			);
			runOnlyForDeploymentPostprocessing = 0;
		};
		D0BE000000000000000000B3 /* Sources */ = {
			isa = PBXSourcesBuildPhase;
			buildActionMask = 2147483647;
			files = (
			);
			runOnlyForDeploymentPostprocessing = 0;
		};
/* End PBXSourcesBuildPhase section */

/* Begin PBXTargetDependency section */
		D0BE000000000000000000B9 /* PBXTargetDependency */ = {
			isa = PBXTargetDependency;
			target = D0BE000000000000000000A6 /* Paxo */;
			targetProxy = D0BE000000000000000000BA /* PBXContainerItemProxy */;
		};
/* End PBXTargetDependency section */

/* Begin XCBuildConfiguration section */
		D0BE000000000000000000AC /* Debug */ = {
			isa = XCBuildConfiguration;
			buildSettings = {
				ALWAYS_SEARCH_USER_PATHS = NO;
				CLANG_ENABLE_MODULES = YES;
				CLANG_ENABLE_OBJC_ARC = YES;
				CODE_SIGN_STYLE = Automatic;
				DEBUG_INFORMATION_FORMAT = dwarf;
				ENABLE_TESTABILITY = YES;
				GCC_OPTIMIZATION_LEVEL = 0;
				GCC_PREPROCESSOR_DEFINITIONS = (
					"DEBUG=1",
					"$(inherited)",
				);
				MACOSX_DEPLOYMENT_TARGET = 14.0;
				MTL_ENABLE_DEBUG_INFO = INCLUDE_SOURCE;
				ONLY_ACTIVE_ARCH = YES;
				SDKROOT = macosx;
				SWIFT_ACTIVE_COMPILATION_CONDITIONS = "DEBUG $(inherited)";
				SWIFT_OPTIMIZATION_LEVEL = "-Onone";
				SWIFT_VERSION = 5.0;
			};
			name = Debug;
		};
		D0BE000000000000000000AD /* Release */ = {
			isa = XCBuildConfiguration;
			buildSettings = {
				ALWAYS_SEARCH_USER_PATHS = NO;
				CLANG_ENABLE_MODULES = YES;
				CLANG_ENABLE_OBJC_ARC = YES;
				CODE_SIGN_STYLE = Automatic;
				DEBUG_INFORMATION_FORMAT = "dwarf-with-dsym";
				ENABLE_NS_ASSERTIONS = NO;
				MACOSX_DEPLOYMENT_TARGET = 14.0;
				MTL_ENABLE_DEBUG_INFO = NO;
				SDKROOT = macosx;
				SWIFT_COMPILATION_MODE = wholemodule;
				SWIFT_OPTIMIZATION_LEVEL = "-O";
				SWIFT_VERSION = 5.0;
			};
			name = Release;
		};
		D0BE000000000000000000AE /* Debug */ = {
			isa = XCBuildConfiguration;
			buildSettings = {
				ASSETCATALOG_COMPILER_APPICON_NAME = AppIcon;
				CODE_SIGN_ENTITLEMENTS = Config/Paxo.entitlements;
				CODE_SIGN_STYLE = Automatic;
				COMBINE_HIDPI_IMAGES = YES;
				CURRENT_PROJECT_VERSION = 1;
				DEVELOPMENT_TEAM = L3JLLU88WG;
				ENABLE_HARDENED_RUNTIME = YES;
				EXCLUDED_SOURCE_FILE_NAMES = "*.md";
				GENERATE_INFOPLIST_FILE = NO;
				INFOPLIST_FILE = Config/Info.plist;
				LD_RUNPATH_SEARCH_PATHS = (
					"$(inherited)",
					"@executable_path/../Frameworks",
				);
				MARKETING_VERSION = 0.1.0;
				PRODUCT_BUNDLE_IDENTIFIER = com.hyeseong.Paxo;
				PRODUCT_NAME = "$(TARGET_NAME)";
				SWIFT_EMIT_LOC_STRINGS = YES;
			};
			name = Debug;
		};
		D0BE000000000000000000AF /* Release */ = {
			isa = XCBuildConfiguration;
			buildSettings = {
				ASSETCATALOG_COMPILER_APPICON_NAME = AppIcon;
				CODE_SIGN_ENTITLEMENTS = Config/Paxo.entitlements;
				CODE_SIGN_STYLE = Automatic;
				COMBINE_HIDPI_IMAGES = YES;
				CURRENT_PROJECT_VERSION = 1;
				DEVELOPMENT_TEAM = L3JLLU88WG;
				ENABLE_HARDENED_RUNTIME = YES;
				EXCLUDED_SOURCE_FILE_NAMES = "*.md";
				GENERATE_INFOPLIST_FILE = NO;
				INFOPLIST_FILE = Config/Info.plist;
				LD_RUNPATH_SEARCH_PATHS = (
					"$(inherited)",
					"@executable_path/../Frameworks",
				);
				MARKETING_VERSION = 0.1.0;
				PRODUCT_BUNDLE_IDENTIFIER = com.hyeseong.Paxo;
				PRODUCT_NAME = "$(TARGET_NAME)";
				SWIFT_EMIT_LOC_STRINGS = YES;
			};
			name = Release;
		};
		D0BE000000000000000000B7 /* Debug */ = {
			isa = XCBuildConfiguration;
			buildSettings = {
				ALWAYS_EMBED_SWIFT_STANDARD_LIBRARIES = YES;
				BUNDLE_LOADER = "$(TEST_HOST)";
				CODE_SIGN_STYLE = Automatic;
				DEVELOPMENT_TEAM = L3JLLU88WG;
				EXCLUDED_SOURCE_FILE_NAMES = "*.md";
				GENERATE_INFOPLIST_FILE = YES;
				PRODUCT_BUNDLE_IDENTIFIER = com.hyeseong.PaxoTests;
				PRODUCT_NAME = "$(TARGET_NAME)";
				SWIFT_EMIT_LOC_STRINGS = NO;
				TEST_HOST = "$(BUILT_PRODUCTS_DIR)/Paxo.app/Contents/MacOS/Paxo";
			};
			name = Debug;
		};
		D0BE000000000000000000B8 /* Release */ = {
			isa = XCBuildConfiguration;
			buildSettings = {
				ALWAYS_EMBED_SWIFT_STANDARD_LIBRARIES = YES;
				BUNDLE_LOADER = "$(TEST_HOST)";
				CODE_SIGN_STYLE = Automatic;
				DEVELOPMENT_TEAM = L3JLLU88WG;
				EXCLUDED_SOURCE_FILE_NAMES = "*.md";
				GENERATE_INFOPLIST_FILE = YES;
				PRODUCT_BUNDLE_IDENTIFIER = com.hyeseong.PaxoTests;
				PRODUCT_NAME = "$(TARGET_NAME)";
				SWIFT_EMIT_LOC_STRINGS = NO;
				TEST_HOST = "$(BUILT_PRODUCTS_DIR)/Paxo.app/Contents/MacOS/Paxo";
			};
			name = Release;
		};
/* End XCBuildConfiguration section */

/* Begin XCConfigurationList section */
		D0BE000000000000000000A7 /* Build configuration list for PBXNativeTarget "Paxo" */ = {
			isa = XCConfigurationList;
			buildConfigurations = (
				D0BE000000000000000000AE /* Debug */,
				D0BE000000000000000000AF /* Release */,
			);
			defaultConfigurationIsVisible = 0;
			defaultConfigurationName = Release;
		};
		D0BE000000000000000000AB /* Build configuration list for PBXProject "Paxo" */ = {
			isa = XCConfigurationList;
			buildConfigurations = (
				D0BE000000000000000000AC /* Debug */,
				D0BE000000000000000000AD /* Release */,
			);
			defaultConfigurationIsVisible = 0;
			defaultConfigurationName = Release;
		};
		D0BE000000000000000000B6 /* Build configuration list for PBXNativeTarget "PaxoTests" */ = {
			isa = XCConfigurationList;
			buildConfigurations = (
				D0BE000000000000000000B7 /* Debug */,
				D0BE000000000000000000B8 /* Release */,
			);
			defaultConfigurationIsVisible = 0;
			defaultConfigurationName = Release;
		};
/* End XCConfigurationList section */
	};
	rootObject = D0BE000000000000000000AA /* Project object */;
}
